{
  "name": "spell-check4",
  "version": "1.0.0",
  "lockfileVersion": 1,
  "requires": true,
  "dependencies": {
    "adm-zip": {
      "version": "0.4.13",
      "resolved": "https://registry.npmjs.org/adm-zip/-/adm-zip-0.4.13.tgz",
      "integrity": "sha512-fERNJX8sOXfel6qCBCMPvZLzENBEhZTzKqg6vrOW5pvoEaQuJhRU4ndTAh6lHOxn1I6jnz2NHra56ZODM751uw=="
    },
    "binarysearch": {
      "version": "0.2.4",
      "resolved": "https://registry.npmjs.org/binarysearch/-/binarysearch-0.2.4.tgz",
      "integrity": "sha1-Ru8+A/1FKekyhmLmjkAyjnoL8qw="
    },
    "is-utf8": {
      "version": "0.2.1",
      "resolved": "https://registry.npmjs.org/is-utf8/-/is-utf8-0.2.1.tgz",
      "integrity": "sha1-Sw2hRCEE0bM2NA6AeX6GXPOffXI="
    },
    "jquery": {
      "version": "3.5.0",
      "resolved": "https://registry.npmjs.org/jquery/-/jquery-3.5.0.tgz",
      "integrity": "sha512-Xb7SVYMvygPxbFMpTFQiHh1J7HClEaThguL15N/Gg37Lri/qKyhRGZYzHRyLH8Stq3Aow0LsHO2O2ci86fCrNQ=="
    },
    "simple-spellchecker": {
      "version": "0.9.9",
      "resolved": "https://registry.npmjs.org/simple-spellchecker/-/simple-spellchecker-0.9.9.tgz",
      "integrity": "sha512-5SOgUji94w9dAcMP3MESnswCut6MSbpnGmbAkOy6yzjN/1MvJwnXnuXbMlYQCWRBw3pmCjuL69n4ZnLV3j/8bA==",
      "requires": {
        "adm-zip": "^0.4.13",
        "binarysearch": "^0.2.4",
        "damerau-levenshtein": "git://github.com/cbaatz/damerau-levenshtein.git#8d7440a51ae9dc6912e44385115c7cb1da4e8ebc",
        "strip-bom": "^2.0.0"
      },
      "dependencies": {
        "damerau-levenshtein": {
          "version": "git://github.com/cbaatz/damerau-levenshtein.git#8d7440a51ae9dc6912e44385115c7cb1da4e8ebc",
          "from": "git://github.com/cbaatz/damerau-levenshtein.git"
        }
      }
    },
    "strip-bom": {
      "version": "2.0.0",
      "resolved": "https://registry.npmjs.org/strip-bom/-/strip-bom-2.0.0.tgz",
      "integrity": "sha1-YhmoVhZSBJHzV4i9vxRHqZx+aw4=",
      "requires": {
        "is-utf8": "^0.2.0"
      }
    }
  }
}
